
Microsoft Visual Studio Solution File, Format Version 12.00
# Visual Studio Version 16
VisualStudioVersion = 16.0.31321.278
MinimumVisualStudioVersion = 10.0.40219.1
Project("{FAE04EC0-301F-11D3-BF4B-00C04F79EFBC}") = "AffineTransforms", "AffineTransforms.csproj", "{C931E663-21FF-4EA2-82EE-44746F11D03B}"
EndProject
Project("{FAE04EC0-301F-11D3-BF4B-00C04F79EFBC}") = "PolygonTest", "..\PolygonTest\PolygonTest.csproj", "{60F7E624-330F-42E5-A0C9-4F9B8054ACC4}"
EndProject
Global
	GlobalSection(SolutionConfigurationPlatforms) = preSolution
		Debug|Any CPU = Debug|Any CPU
		Release|Any CPU = Release|Any CPU
	EndGlobalSection
	GlobalSection(ProjectConfigurationPlatforms) = postSolution
		{C931E663-21FF-4EA2-82EE-44746F11D03B}.Debug|Any CPU.ActiveCfg = Debug|Any CPU
		{C931E663-21FF-4EA2-82EE-44746F11D03B}.Debug|Any CPU.Build.0 = Debug|Any CPU
		{C931E663-21FF-4EA2-82EE-44746F11D03B}.Release|Any CPU.ActiveCfg = Release|Any CPU
		{C931E663-21FF-4EA2-82EE-44746F11D03B}.Release|Any CPU.Build.0 = Release|Any CPU
		{60F7E624-330F-42E5-A0C9-4F9B8054ACC4}.Debug|Any CPU.ActiveCfg = Debug|Any CPU
		{60F7E624-330F-42E5-A0C9-4F9B8054ACC4}.Debug|Any CPU.Build.0 = Debug|Any CPU
		{60F7E624-330F-42E5-A0C9-4F9B8054ACC4}.Release|Any CPU.ActiveCfg = Release|Any CPU
		{60F7E624-330F-42E5-A0C9-4F9B8054ACC4}.Release|Any CPU.Build.0 = Release|Any CPU
	EndGlobalSection
	GlobalSection(SolutionProperties) = preSolution
		HideSolutionNode = FALSE
	EndGlobalSection
	GlobalSection(ExtensibilityGlobals) = postSolution
		SolutionGuid = {573C2603-5F40-4B59-84A0-F1E4158F5CB0}
	EndGlobalSection
EndGlobal
